Microsoft Visual Studio Solution File, Format Version 11.00
# Visual Studio 2008

Project("{3BABEEA7-18B6-CB96-E077-F0E44C691A1A}") = "projectGreg", "Assembly-CSharp-firstpass-vs.csproj", "{97338006-F9D9-6845-02AF-175E8FEDF9E9}"
EndProject
Global
	GlobalSection(SolutionConfigurationPlatforms) = preSolution
		Debug|Any CPU = Debug|Any CPU
		Release|Any CPU = Release|Any CPU
	EndGlobalSection
	GlobalSection(ProjectConfigurationPlatforms) = postSolution
		{97338006-F9D9-6845-02AF-175E8FEDF9E9}.Debug|Any CPU.ActiveCfg = Debug|Any CPU
		{97338006-F9D9-6845-02AF-175E8FEDF9E9}.Debug|Any CPU.Build.0 = Debug|Any CPU
		{97338006-F9D9-6845-02AF-175E8FEDF9E9}.Release|Any CPU.ActiveCfg = Release|Any CPU
		{97338006-F9D9-6845-02AF-175E8FEDF9E9}.Release|Any CPU.Build.0 = Release|Any CPU
	EndGlobalSection
	GlobalSection(SolutionProperties) = preSolution
		HideSolutionNode = FALSE
	EndGlobalSection
	
EndGlobal
